
Microsoft Visual Studio Solution File, Format Version 12.00
# Visual Studio Version 17
VisualStudioVersion = 17.3.32901.215
MinimumVisualStudioVersion = 10.0.40219.1
Project("{FAE04EC0-301F-11D3-BF4B-00C04F79EFBC}") = "weatherforecast", "weatherforecast\weatherforecast.csproj", "{DCFD4305-F04D-4B3A-ACFF-A7668EA376C6}"
EndProject
Global
	GlobalSection(SolutionConfigurationPlatforms) = preSolution
		Debug|Any CPU = Debug|Any CPU
		Release|Any CPU = Release|Any CPU
	EndGlobalSection
	GlobalSection(ProjectConfigurationPlatforms) = postSolution
		{DCFD4305-F04D-4B3A-ACFF-A7668EA376C6}.Debug|Any CPU.ActiveCfg = Debug|Any CPU
		{DCFD4305-F04D-4B3A-ACFF-A7668EA376C6}.Debug|Any CPU.Build.0 = Debug|Any CPU
		{DCFD4305-F04D-4B3A-ACFF-A7668EA376C6}.Release|Any CPU.ActiveCfg = Release|Any CPU
		{DCFD4305-F04D-4B3A-ACFF-A7668EA376C6}.Release|Any CPU.Build.0 = Release|Any CPU
	EndGlobalSection
	GlobalSection(SolutionProperties) = preSolution
		HideSolutionNode = FALSE
	EndGlobalSection
	GlobalSection(ExtensibilityGlobals) = postSolution
		SolutionGuid = {53EFFBB0-90D6-44E1-ADD6-4840BC543279}
	EndGlobalSection
EndGlobal
